
Microsoft Visual Studio Solution File, Format Version 12.00
# Visual Studio Version 17
VisualStudioVersion = 17.5.002.0
MinimumVisualStudioVersion = 10.0.40219.1
Project("{9A19103F-16F7-4668-BE54-9A1E7A4F7556}") = "Testing12", "Testing12.csproj", "{F5F7619F-D480-46A8-989D-8896ECA9CC78}"
EndProject
Global
	GlobalSection(SolutionConfigurationPlatforms) = preSolution
		Debug|Any CPU = Debug|Any CPU
		Release|Any CPU = Release|Any CPU
	EndGlobalSection
	GlobalSection(ProjectConfigurationPlatforms) = postSolution
		{F5F7619F-D480-46A8-989D-8896ECA9CC78}.Debug|Any CPU.ActiveCfg = Debug|Any CPU
		{F5F7619F-D480-46A8-989D-8896ECA9CC78}.Debug|Any CPU.Build.0 = Debug|Any CPU
		{F5F7619F-D480-46A8-989D-8896ECA9CC78}.Release|Any CPU.ActiveCfg = Release|Any CPU
		{F5F7619F-D480-46A8-989D-8896ECA9CC78}.Release|Any CPU.Build.0 = Release|Any CPU
	EndGlobalSection
	GlobalSection(SolutionProperties) = preSolution
		HideSolutionNode = FALSE
	EndGlobalSection
	GlobalSection(ExtensibilityGlobals) = postSolution
		SolutionGuid = {EA8406B8-6B8D-4F5A-B30C-6A204E1898E3}
	EndGlobalSection
EndGlobal
